{
    "behat/transliterator": {
        "version": "v1.3.0"
    },
    "doctrine/doctrine-migrations-bundle": {
        "version": "2.2",
        "recipe": {
            "repo": "github.com/symfony/recipes",
            "branch": "master",
            "version": "2.2",
            "ref": "baaa439e3e3179e69e3da84b671f0a3e4a2f56ad"
        },
        "files": [
            "config/packages/doctrine_migrations.yaml",
            "migrations/.gitignore"
        ]
    },
    "doctrine/migrations": {
        "version": "3.1.0"
    },
    "egulias/email-validator": {
        "version": "2.1.25"
    },
    "fig/link-util": {
        "version": "1.1.2"
    },
    "friendsofphp/proxy-manager-lts": {
        "version": "v1.0.3"
    },
    "gedmo/doctrine-extensions": {
        "version": "v2.4.42"
    },
    "knplabs/knp-components": {
        "version": "v3.0.0"
    },
    "knplabs/knp-paginator-bundle": {
        "version": "v5.4.2"
    },
    "laminas/laminas-code": {
        "version": "4.0.0"
    },
    "laminas/laminas-eventmanager": {
        "version": "3.3.0"
    },
    "laminas/laminas-zendframework-bridge": {
        "version": "1.1.1"
    },
    "phpdocumentor/reflection-common": {
        "version": "2.2.0"
    },
    "phpdocumentor/reflection-docblock": {
        "version": "5.2.2"
    },
    "phpdocumentor/type-resolver": {
        "version": "1.4.0"
    },
    "predis/predis": {
        "version": "v1.1.6"
    },
    "psr/link": {
        "version": "1.0.0"
    },
    "sensio/framework-extra-bundle": {
        "version": "4.0",
        "recipe": {
            "repo": "github.com/symfony/recipes",
            "branch": "master",
            "version": "4.0",
            "ref": "aaddfdf43cdecd4cf91f992052d76c2cadc04543"
        }
    },
    "stof/doctrine-extensions-bundle": {
        "version": "1.2",
        "recipe": {
            "repo": "github.com/symfony/recipes-contrib",
            "branch": "master",
            "version": "1.2",
            "ref": "6c1ceb662f8997085f739cd089bfbef67f245983"
        },
        "files": [
            "config/packages/stof_doctrine_extensions.yaml"
        ]
    },
    "swiftmailer/swiftmailer": {
        "version": "v6.2.5"
    },
    "symfony/asset": {
        "version": "v4.2.12"
    },
    "symfony/cache-contracts": {
        "version": "v2.2.0"
    },
    "symfony/dotenv": {
        "version": "v4.2.12"
    },
    "symfony/error-handler": {
        "version": "v4.4.19"
    },
    "symfony/event-dispatcher-contracts": {
        "version": "v1.1.9"
    },
    "symfony/expression-language": {
        "version": "v4.2.12"
    },
    "symfony/flex": {
        "version": "1.0",
        "recipe": {
            "repo": "github.com/symfony/recipes",
            "branch": "master",
            "version": "1.0",
            "ref": "c0eeb50665f0f77226616b6038a9b06c03752d8e"
        },
        "files": [
            ".env"
        ]
    },
    "symfony/form": {
        "version": "v4.3.11"
    },
    "symfony/http-client-contracts": {
        "version": "v2.3.1"
    },
    "symfony/inflector": {
        "version": "v5.2.3"
    },
    "symfony/intl": {
        "version": "v4.4.19"
    },
    "symfony/mailer": {
        "version": "4.3",
        "recipe": {
            "repo": "github.com/symfony/recipes",
            "branch": "master",
            "version": "4.3",
            "ref": "15658c2a0176cda2e7dba66276a2030b52bd81b2"
        },
        "files": [
            "config/packages/mailer.yaml"
        ]
    },
    "symfony/mime": {
        "version": "v5.2.3"
    },
    "symfony/options-resolver": {
        "version": "v4.4.19"
    },
    "symfony/orm-pack": {
        "version": "v2.1.0"
    },
    "symfony/polyfill-intl-grapheme": {
        "version": "v1.22.0"
    },
    "symfony/polyfill-intl-icu": {
        "version": "v1.22.0"
    },
    "symfony/polyfill-intl-idn": {
        "version": "v1.22.0"
    },
    "symfony/polyfill-intl-normalizer": {
        "version": "v1.22.0"
    },
    "symfony/polyfill-php73": {
        "version": "v1.22.0"
    },
    "symfony/polyfill-php80": {
        "version": "v1.22.0"
    },
    "symfony/property-access": {
        "version": "v4.4.19"
    },
    "symfony/property-info": {
        "version": "v5.2.3"
    },
    "symfony/proxy-manager-bridge": {
        "version": "v4.2.12"
    },
    "symfony/security-bundle": {
        "version": "3.3",
        "recipe": {
            "repo": "github.com/symfony/recipes",
            "branch": "master",
            "version": "3.3",
            "ref": "38d658ce68375d66d2cddc88892af8f08701e6e7"
        },
        "files": [
            "config/packages/security.yaml"
        ]
    },
    "symfony/security-core": {
        "version": "v4.4.19"
    },
    "symfony/security-csrf": {
        "version": "v4.4.19"
    },
    "symfony/security-guard": {
        "version": "v4.4.19"
    },
    "symfony/security-http": {
        "version": "v4.4.19"
    },
    "symfony/serializer": {
        "version": "v4.4.19"
    },
    "symfony/serializer-pack": {
        "version": "v1.0.4"
    },
    "symfony/service-contracts": {
        "version": "v1.1.9"
    },
    "symfony/string": {
        "version": "v5.2.3"
    },
    "symfony/swiftmailer-bundle": {
        "version": "2.5",
        "recipe": {
            "repo": "github.com/symfony/recipes",
            "branch": "master",
            "version": "2.5",
            "ref": "ae4d22af30bbd484506bc1817c5a3ef72c855b93"
        },
        "files": [
            "config/packages/dev/swiftmailer.yaml",
            "config/packages/swiftmailer.yaml",
            "config/packages/test/swiftmailer.yaml"
        ]
    },
    "symfony/translation": {
        "version": "3.3",
        "recipe": {
            "repo": "github.com/symfony/recipes",
            "branch": "master",
            "version": "3.3",
            "ref": "2ad9d2545bce8ca1a863e50e92141f0b9d87ffcd"
        },
        "files": [
            "config/packages/translation.yaml",
            "translations/.gitignore"
        ]
    },
    "symfony/translation-contracts": {
        "version": "v1.1.10"
    },
    "symfony/validator": {
        "version": "4.1",
        "recipe": {
            "repo": "github.com/symfony/recipes",
            "branch": "master",
            "version": "4.1",
            "ref": "21ab70175caf1e4b273791364fb30d27f1153546"
        },
        "files": [
            "config/packages/test/validator.yaml",
            "config/packages/validator.yaml"
        ]
    },
    "symfony/web-link": {
        "version": "v4.2.12"
    },
    "symfony/yaml": {
        "version": "v4.2.12"
    },
    "twig/extra-bundle": {
        "version": "v3.3.0"
    },
    "twig/markdown-extra": {
        "version": "v3.3.0"
    },
    "webmozart/assert": {
        "version": "1.9.1"
    }
}
